// !$*UTF8*$!
{
	archiveVersion = 1;
	classes = {
	};
	objectVersion = 56;
	objects = {

/* Begin PBXBuildFile section */
		F28836382B92E9C500D0B9A6 /* AppDelegate.swift in Sources */ = {isa = PBXBuildFile; fileRef = F28836372B92E9C500D0B9A6 /* AppDelegate.swift */; };
		F288363A2B92E9C500D0B9A6 /* SceneDelegate.swift in Sources */ = {isa = PBXBuildFile; fileRef = F28836392B92E9C500D0B9A6 /* SceneDelegate.swift */; };
		F28836412B92E9C700D0B9A6 /* Assets.xcassets in Resources */ = {isa = PBXBuildFile; fileRef = F28836402B92E9C700D0B9A6 /* Assets.xcassets */; };
		F28836442B92E9C700D0B9A6 /* LaunchScreen.storyboard in Resources */ = {isa = PBXBuildFile; fileRef = F28836422B92E9C700D0B9A6 /* LaunchScreen.storyboard */; };
		F28836522B92EC7E00D0B9A6 /* ProfileVM.swift in Sources */ = {isa = PBXBuildFile; fileRef = F28836512B92EC7E00D0B9A6 /* ProfileVM.swift */; };
		F28836552B92ECB200D0B9A6 /* Combine+Cancelbag.swift in Sources */ = {isa = PBXBuildFile; fileRef = F28836542B92ECB200D0B9A6 /* Combine+Cancelbag.swift */; };
		F28836572B92ED1500D0B9A6 /* ProfileVC.swift in Sources */ = {isa = PBXBuildFile; fileRef = F28836562B92ED1500D0B9A6 /* ProfileVC.swift */; };
		F288365C2B92EDBE00D0B9A6 /* ProfileUseCase.swift in Sources */ = {isa = PBXBuildFile; fileRef = F288365B2B92EDBE00D0B9A6 /* ProfileUseCase.swift */; };
		F28836602B92EE3700D0B9A6 /* ProfileRepository.swift in Sources */ = {isa = PBXBuildFile; fileRef = F288365F2B92EE3700D0B9A6 /* ProfileRepository.swift */; };
		F28836652B92EF1200D0B9A6 /* USER.json in Resources */ = {isa = PBXBuildFile; fileRef = F28836642B92EF1200D0B9A6 /* USER.json */; };
		F28836672B92EF2B00D0B9A6 /* PAYMENTS.json in Resources */ = {isa = PBXBuildFile; fileRef = F28836662B92EF2B00D0B9A6 /* PAYMENTS.json */; };
		F28836692B92EF4900D0B9A6 /* BANNERS.json in Resources */ = {isa = PBXBuildFile; fileRef = F28836682B92EF4900D0B9A6 /* BANNERS.json */; };
		F288366B2B92EF8000D0B9A6 /* User.swift in Sources */ = {isa = PBXBuildFile; fileRef = F288366A2B92EF8000D0B9A6 /* User.swift */; };
		F288366E2B92EFA900D0B9A6 /* UserResponse.swift in Sources */ = {isa = PBXBuildFile; fileRef = F288366D2B92EFA900D0B9A6 /* UserResponse.swift */; };
		F28836702B92F00800D0B9A6 /* PersistenceError.swift in Sources */ = {isa = PBXBuildFile; fileRef = F288366F2B92F00800D0B9A6 /* PersistenceError.swift */; };
		F28836732B92F09900D0B9A6 /* PersistenceManager.swift in Sources */ = {isa = PBXBuildFile; fileRef = F28836722B92F09900D0B9A6 /* PersistenceManager.swift */; };
		F28836762B92FBF700D0B9A6 /* Payments.swift in Sources */ = {isa = PBXBuildFile; fileRef = F28836752B92FBF700D0B9A6 /* Payments.swift */; };
		F288367A2B92FC0E00D0B9A6 /* PaymentsResponse.swift in Sources */ = {isa = PBXBuildFile; fileRef = F28836792B92FC0E00D0B9A6 /* PaymentsResponse.swift */; };
		F288367C2B92FDD600D0B9A6 /* BannersResponse.swift in Sources */ = {isa = PBXBuildFile; fileRef = F288367B2B92FDD600D0B9A6 /* BannersResponse.swift */; };
		F28836812B93052C00D0B9A6 /* ProfileUserCell.swift in Sources */ = {isa = PBXBuildFile; fileRef = F28836802B93052C00D0B9A6 /* ProfileUserCell.swift */; };
		F28836842B9305C100D0B9A6 /* NSObject+Identifier.swift in Sources */ = {isa = PBXBuildFile; fileRef = F28836832B9305C100D0B9A6 /* NSObject+Identifier.swift */; };
		F28836862B93064400D0B9A6 /* ProfileUserShimmerCell.swift in Sources */ = {isa = PBXBuildFile; fileRef = F28836852B93064400D0B9A6 /* ProfileUserShimmerCell.swift */; };
		F28836892B930C2000D0B9A6 /* SnapKit in Frameworks */ = {isa = PBXBuildFile; productRef = F28836882B930C2000D0B9A6 /* SnapKit */; };
		F288368B2B930C2000D0B9A6 /* SnapKit-Dynamic in Frameworks */ = {isa = PBXBuildFile; productRef = F288368A2B930C2000D0B9A6 /* SnapKit-Dynamic */; };
		F288368D2B9313A400D0B9A6 /* ProfilePaymentsCell.swift in Sources */ = {isa = PBXBuildFile; fileRef = F288368C2B9313A400D0B9A6 /* ProfilePaymentsCell.swift */; };
		F28836902B931FA700D0B9A6 /* Constants.swift in Sources */ = {isa = PBXBuildFile; fileRef = F288368F2B931FA700D0B9A6 /* Constants.swift */; };
		F28836922B9320EA00D0B9A6 /* ProfileBannersCell.swift in Sources */ = {isa = PBXBuildFile; fileRef = F28836912B9320EA00D0B9A6 /* ProfileBannersCell.swift */; };
		F28836952B932FEB00D0B9A6 /* BannerCollectionFlowLayout.swift in Sources */ = {isa = PBXBuildFile; fileRef = F28836942B932FEB00D0B9A6 /* BannerCollectionFlowLayout.swift */; };
		F28836972B93315F00D0B9A6 /* UIColor+hex.swift in Sources */ = {isa = PBXBuildFile; fileRef = F28836962B93315F00D0B9A6 /* UIColor+hex.swift */; };
		F28836992B9338A700D0B9A6 /* ProfileMenuCell.swift in Sources */ = {isa = PBXBuildFile; fileRef = F28836982B9338A700D0B9A6 /* ProfileMenuCell.swift */; };
		F288369C2B93453E00D0B9A6 /* CombineCocoa in Frameworks */ = {isa = PBXBuildFile; productRef = F288369B2B93453E00D0B9A6 /* CombineCocoa */; };
		F288369E2B9345D700D0B9A6 /* UIView+TapPublisher.swift in Sources */ = {isa = PBXBuildFile; fileRef = F288369D2B9345D700D0B9A6 /* UIView+TapPublisher.swift */; };
		F28836A12B935EF500D0B9A6 /* RoutingDependencyManager.swift in Sources */ = {isa = PBXBuildFile; fileRef = F28836A02B935EF500D0B9A6 /* RoutingDependencyManager.swift */; };
		F28836A42B935F2000D0B9A6 /* Routing.swift in Sources */ = {isa = PBXBuildFile; fileRef = F28836A32B935F2000D0B9A6 /* Routing.swift */; };
		F28836A62B93612900D0B9A6 /* Route.swift in Sources */ = {isa = PBXBuildFile; fileRef = F28836A52B93612900D0B9A6 /* Route.swift */; };
		F28836A82B93621900D0B9A6 /* UIApplication+TopMostVC.swift in Sources */ = {isa = PBXBuildFile; fileRef = F28836A72B93621900D0B9A6 /* UIApplication+TopMostVC.swift */; };
		F28836AC2B93848E00D0B9A6 /* SimulationVC.swift in Sources */ = {isa = PBXBuildFile; fileRef = F28836AB2B93848E00D0B9A6 /* SimulationVC.swift */; };
		F28836AE2B93849500D0B9A6 /* SimulationVM.swift in Sources */ = {isa = PBXBuildFile; fileRef = F28836AD2B93849500D0B9A6 /* SimulationVM.swift */; };
		F28836B02B93851000D0B9A6 /* UIStackViewController.swift in Sources */ = {isa = PBXBuildFile; fileRef = F28836AF2B93851000D0B9A6 /* UIStackViewController.swift */; };
		F28836B22B93859F00D0B9A6 /* TextfieldWrapperView.swift in Sources */ = {isa = PBXBuildFile; fileRef = F28836B12B93859F00D0B9A6 /* TextfieldWrapperView.swift */; };
		F28836B52B938BCD00D0B9A6 /* IQKeyboardManagerSwift in Frameworks */ = {isa = PBXBuildFile; productRef = F28836B42B938BCD00D0B9A6 /* IQKeyboardManagerSwift */; };
		F28836B72B938BE600D0B9A6 /* DependencyManager.swift in Sources */ = {isa = PBXBuildFile; fileRef = F28836B62B938BE600D0B9A6 /* DependencyManager.swift */; };
		F28836B92B939D3100D0B9A6 /* UIAttributedLabel.swift in Sources */ = {isa = PBXBuildFile; fileRef = F28836B82B939D3100D0B9A6 /* UIAttributedLabel.swift */; };
		F28836BB2B939DCD00D0B9A6 /* Int+ToDecimal.swift in Sources */ = {isa = PBXBuildFile; fileRef = F28836BA2B939DCD00D0B9A6 /* Int+ToDecimal.swift */; };
		F28836BE2B939DFA00D0B9A6 /* MultipleSelectButton.swift in Sources */ = {isa = PBXBuildFile; fileRef = F28836BD2B939DFA00D0B9A6 /* MultipleSelectButton.swift */; };
		F28836C02B93A3BB00D0B9A6 /* SIMULATION.json in Resources */ = {isa = PBXBuildFile; fileRef = F28836BF2B93A3BB00D0B9A6 /* SIMULATION.json */; };
		F28836C52B93A3DF00D0B9A6 /* SimulationUseCase.swift in Sources */ = {isa = PBXBuildFile; fileRef = F28836C42B93A3DF00D0B9A6 /* SimulationUseCase.swift */; };
		F28836C92B93A43500D0B9A6 /* SimulationRepository.swift in Sources */ = {isa = PBXBuildFile; fileRef = F28836C82B93A43500D0B9A6 /* SimulationRepository.swift */; };
		F28836CB2B93A46E00D0B9A6 /* SimulationResponse.swift in Sources */ = {isa = PBXBuildFile; fileRef = F28836CA2B93A46E00D0B9A6 /* SimulationResponse.swift */; };
		F28836D02B93A51200D0B9A6 /* Simulation.swift in Sources */ = {isa = PBXBuildFile; fileRef = F28836CF2B93A51200D0B9A6 /* Simulation.swift */; };
		F28836D22B93A7A800D0B9A6 /* String+toDouble.swift in Sources */ = {isa = PBXBuildFile; fileRef = F28836D12B93A7A800D0B9A6 /* String+toDouble.swift */; };
		F28836D42B93AD9A00D0B9A6 /* String+ToSimpleDateString.swift in Sources */ = {isa = PBXBuildFile; fileRef = F28836D32B93AD9A00D0B9A6 /* String+ToSimpleDateString.swift */; };
		F28836D62B93AE6C00D0B9A6 /* String+CalculateNMonthsLater.swift in Sources */ = {isa = PBXBuildFile; fileRef = F28836D52B93AE6C00D0B9A6 /* String+CalculateNMonthsLater.swift */; };
/* End PBXBuildFile section */

/* Begin PBXFileReference section */
		F28836342B92E9C500D0B9A6 /* SimpleReactiveSwift.app */ = {isa = PBXFileReference; explicitFileType = wrapper.application; includeInIndex = 0; path = SimpleReactiveSwift.app; sourceTree = BUILT_PRODUCTS_DIR; };
		F28836372B92E9C500D0B9A6 /* AppDelegate.swift */ = {isa = PBXFileReference; lastKnownFileType = sourcecode.swift; path = AppDelegate.swift; sourceTree = "<group>"; };
		F28836392B92E9C500D0B9A6 /* SceneDelegate.swift */ = {isa = PBXFileReference; lastKnownFileType = sourcecode.swift; path = SceneDelegate.swift; sourceTree = "<group>"; };
		F28836402B92E9C700D0B9A6 /* Assets.xcassets */ = {isa = PBXFileReference; lastKnownFileType = folder.assetcatalog; path = Assets.xcassets; sourceTree = "<group>"; };
		F28836432B92E9C700D0B9A6 /* Base */ = {isa = PBXFileReference; lastKnownFileType = file.storyboard; name = Base; path = Base.lproj/LaunchScreen.storyboard; sourceTree = "<group>"; };
		F28836452B92E9C700D0B9A6 /* Info.plist */ = {isa = PBXFileReference; lastKnownFileType = text.plist.xml; path = Info.plist; sourceTree = "<group>"; };
		F28836512B92EC7E00D0B9A6 /* ProfileVM.swift */ = {isa = PBXFileReference; lastKnownFileType = sourcecode.swift; path = ProfileVM.swift; sourceTree = "<group>"; };
		F28836542B92ECB200D0B9A6 /* Combine+Cancelbag.swift */ = {isa = PBXFileReference; lastKnownFileType = sourcecode.swift; path = "Combine+Cancelbag.swift"; sourceTree = "<group>"; };
		F28836562B92ED1500D0B9A6 /* ProfileVC.swift */ = {isa = PBXFileReference; fileEncoding = 4; lastKnownFileType = sourcecode.swift; path = ProfileVC.swift; sourceTree = "<group>"; };
		F288365B2B92EDBE00D0B9A6 /* ProfileUseCase.swift */ = {isa = PBXFileReference; lastKnownFileType = sourcecode.swift; path = ProfileUseCase.swift; sourceTree = "<group>"; };
		F288365F2B92EE3700D0B9A6 /* ProfileRepository.swift */ = {isa = PBXFileReference; lastKnownFileType = sourcecode.swift; path = ProfileRepository.swift; sourceTree = "<group>"; };
		F28836642B92EF1200D0B9A6 /* USER.json */ = {isa = PBXFileReference; lastKnownFileType = text.json; path = USER.json; sourceTree = "<group>"; };
		F28836662B92EF2B00D0B9A6 /* PAYMENTS.json */ = {isa = PBXFileReference; lastKnownFileType = text.json; path = PAYMENTS.json; sourceTree = "<group>"; };
		F28836682B92EF4900D0B9A6 /* BANNERS.json */ = {isa = PBXFileReference; lastKnownFileType = text.json; path = BANNERS.json; sourceTree = "<group>"; };
		F288366A2B92EF8000D0B9A6 /* User.swift */ = {isa = PBXFileReference; lastKnownFileType = sourcecode.swift; path = User.swift; sourceTree = "<group>"; };
		F288366D2B92EFA900D0B9A6 /* UserResponse.swift */ = {isa = PBXFileReference; lastKnownFileType = sourcecode.swift; path = UserResponse.swift; sourceTree = "<group>"; };
		F288366F2B92F00800D0B9A6 /* PersistenceError.swift */ = {isa = PBXFileReference; lastKnownFileType = sourcecode.swift; path = PersistenceError.swift; sourceTree = "<group>"; };
		F28836722B92F09900D0B9A6 /* PersistenceManager.swift */ = {isa = PBXFileReference; lastKnownFileType = sourcecode.swift; path = PersistenceManager.swift; sourceTree = "<group>"; };
		F28836752B92FBF700D0B9A6 /* Payments.swift */ = {isa = PBXFileReference; lastKnownFileType = sourcecode.swift; path = Payments.swift; sourceTree = "<group>"; };
		F28836792B92FC0E00D0B9A6 /* PaymentsResponse.swift */ = {isa = PBXFileReference; lastKnownFileType = sourcecode.swift; path = PaymentsResponse.swift; sourceTree = "<group>"; };
		F288367B2B92FDD600D0B9A6 /* BannersResponse.swift */ = {isa = PBXFileReference; lastKnownFileType = sourcecode.swift; path = BannersResponse.swift; sourceTree = "<group>"; };
		F28836802B93052C00D0B9A6 /* ProfileUserCell.swift */ = {isa = PBXFileReference; lastKnownFileType = sourcecode.swift; path = ProfileUserCell.swift; sourceTree = "<group>"; };
		F28836832B9305C100D0B9A6 /* NSObject+Identifier.swift */ = {isa = PBXFileReference; lastKnownFileType = sourcecode.swift; path = "NSObject+Identifier.swift"; sourceTree = "<group>"; };
		F28836852B93064400D0B9A6 /* ProfileUserShimmerCell.swift */ = {isa = PBXFileReference; lastKnownFileType = sourcecode.swift; path = ProfileUserShimmerCell.swift; sourceTree = "<group>"; };
		F288368C2B9313A400D0B9A6 /* ProfilePaymentsCell.swift */ = {isa = PBXFileReference; lastKnownFileType = sourcecode.swift; path = ProfilePaymentsCell.swift; sourceTree = "<group>"; };
		F288368F2B931FA700D0B9A6 /* Constants.swift */ = {isa = PBXFileReference; lastKnownFileType = sourcecode.swift; path = Constants.swift; sourceTree = "<group>"; };
		F28836912B9320EA00D0B9A6 /* ProfileBannersCell.swift */ = {isa = PBXFileReference; lastKnownFileType = sourcecode.swift; path = ProfileBannersCell.swift; sourceTree = "<group>"; };
		F28836942B932FEB00D0B9A6 /* BannerCollectionFlowLayout.swift */ = {isa = PBXFileReference; lastKnownFileType = sourcecode.swift; path = BannerCollectionFlowLayout.swift; sourceTree = "<group>"; };
		F28836962B93315F00D0B9A6 /* UIColor+hex.swift */ = {isa = PBXFileReference; lastKnownFileType = sourcecode.swift; path = "UIColor+hex.swift"; sourceTree = "<group>"; };
		F28836982B9338A700D0B9A6 /* ProfileMenuCell.swift */ = {isa = PBXFileReference; lastKnownFileType = sourcecode.swift; path = ProfileMenuCell.swift; sourceTree = "<group>"; };
		F288369D2B9345D700D0B9A6 /* UIView+TapPublisher.swift */ = {isa = PBXFileReference; lastKnownFileType = sourcecode.swift; path = "UIView+TapPublisher.swift"; sourceTree = "<group>"; };
		F28836A02B935EF500D0B9A6 /* RoutingDependencyManager.swift */ = {isa = PBXFileReference; lastKnownFileType = sourcecode.swift; path = RoutingDependencyManager.swift; sourceTree = "<group>"; };
		F28836A32B935F2000D0B9A6 /* Routing.swift */ = {isa = PBXFileReference; lastKnownFileType = sourcecode.swift; path = Routing.swift; sourceTree = "<group>"; };
		F28836A52B93612900D0B9A6 /* Route.swift */ = {isa = PBXFileReference; lastKnownFileType = sourcecode.swift; path = Route.swift; sourceTree = "<group>"; };
		F28836A72B93621900D0B9A6 /* UIApplication+TopMostVC.swift */ = {isa = PBXFileReference; lastKnownFileType = sourcecode.swift; path = "UIApplication+TopMostVC.swift"; sourceTree = "<group>"; };
		F28836AB2B93848E00D0B9A6 /* SimulationVC.swift */ = {isa = PBXFileReference; lastKnownFileType = sourcecode.swift; path = SimulationVC.swift; sourceTree = "<group>"; };
		F28836AD2B93849500D0B9A6 /* SimulationVM.swift */ = {isa = PBXFileReference; lastKnownFileType = sourcecode.swift; path = SimulationVM.swift; sourceTree = "<group>"; };
		F28836AF2B93851000D0B9A6 /* UIStackViewController.swift */ = {isa = PBXFileReference; lastKnownFileType = sourcecode.swift; path = UIStackViewController.swift; sourceTree = "<group>"; };
		F28836B12B93859F00D0B9A6 /* TextfieldWrapperView.swift */ = {isa = PBXFileReference; lastKnownFileType = sourcecode.swift; path = TextfieldWrapperView.swift; sourceTree = "<group>"; };
		F28836B62B938BE600D0B9A6 /* DependencyManager.swift */ = {isa = PBXFileReference; lastKnownFileType = sourcecode.swift; path = DependencyManager.swift; sourceTree = "<group>"; };
		F28836B82B939D3100D0B9A6 /* UIAttributedLabel.swift */ = {isa = PBXFileReference; lastKnownFileType = sourcecode.swift; path = UIAttributedLabel.swift; sourceTree = "<group>"; };
		F28836BA2B939DCD00D0B9A6 /* Int+ToDecimal.swift */ = {isa = PBXFileReference; lastKnownFileType = sourcecode.swift; path = "Int+ToDecimal.swift"; sourceTree = "<group>"; };
		F28836BD2B939DFA00D0B9A6 /* MultipleSelectButton.swift */ = {isa = PBXFileReference; lastKnownFileType = sourcecode.swift; path = MultipleSelectButton.swift; sourceTree = "<group>"; };
		F28836BF2B93A3BB00D0B9A6 /* SIMULATION.json */ = {isa = PBXFileReference; lastKnownFileType = text.json; path = SIMULATION.json; sourceTree = "<group>"; };
		F28836C42B93A3DF00D0B9A6 /* SimulationUseCase.swift */ = {isa = PBXFileReference; lastKnownFileType = sourcecode.swift; path = SimulationUseCase.swift; sourceTree = "<group>"; };
		F28836C82B93A43500D0B9A6 /* SimulationRepository.swift */ = {isa = PBXFileReference; lastKnownFileType = sourcecode.swift; path = SimulationRepository.swift; sourceTree = "<group>"; };
		F28836CA2B93A46E00D0B9A6 /* SimulationResponse.swift */ = {isa = PBXFileReference; lastKnownFileType = sourcecode.swift; path = SimulationResponse.swift; sourceTree = "<group>"; };
		F28836CF2B93A51200D0B9A6 /* Simulation.swift */ = {isa = PBXFileReference; lastKnownFileType = sourcecode.swift; path = Simulation.swift; sourceTree = "<group>"; };
		F28836D12B93A7A800D0B9A6 /* String+toDouble.swift */ = {isa = PBXFileReference; lastKnownFileType = sourcecode.swift; path = "String+toDouble.swift"; sourceTree = "<group>"; };
		F28836D32B93AD9A00D0B9A6 /* String+ToSimpleDateString.swift */ = {isa = PBXFileReference; lastKnownFileType = sourcecode.swift; path = "String+ToSimpleDateString.swift"; sourceTree = "<group>"; };
		F28836D52B93AE6C00D0B9A6 /* String+CalculateNMonthsLater.swift */ = {isa = PBXFileReference; lastKnownFileType = sourcecode.swift; path = "String+CalculateNMonthsLater.swift"; sourceTree = "<group>"; };
/* End PBXFileReference section */

/* Begin PBXFrameworksBuildPhase section */
		F28836312B92E9C500D0B9A6 /* Frameworks */ = {
			isa = PBXFrameworksBuildPhase;
			buildActionMask = 2147483647;
			files = (
				F28836892B930C2000D0B9A6 /* SnapKit in Frameworks */,
				F28836B52B938BCD00D0B9A6 /* IQKeyboardManagerSwift in Frameworks */,
				F288369C2B93453E00D0B9A6 /* CombineCocoa in Frameworks */,
				F288368B2B930C2000D0B9A6 /* SnapKit-Dynamic in Frameworks */,
			);
			runOnlyForDeploymentPostprocessing = 0;
		};
/* End PBXFrameworksBuildPhase section */

/* Begin PBXGroup section */
		F288362B2B92E9C500D0B9A6 = {
			isa = PBXGroup;
			children = (
				F28836362B92E9C500D0B9A6 /* SimpleReactiveSwift */,
				F28836352B92E9C500D0B9A6 /* Products */,
			);
			sourceTree = "<group>";
		};
		F28836352B92E9C500D0B9A6 /* Products */ = {
			isa = PBXGroup;
			children = (
				F28836342B92E9C500D0B9A6 /* SimpleReactiveSwift.app */,
			);
			name = Products;
			sourceTree = "<group>";
		};
		F28836362B92E9C500D0B9A6 /* SimpleReactiveSwift */ = {
			isa = PBXGroup;
			children = (
				F28836742B92F20D00D0B9A6 /* SupportedFiles */,
				F28836532B92ECA400D0B9A6 /* Shared */,
				F288364C2B92EA9700D0B9A6 /* Modules */,
				F288364B2B92EA5700D0B9A6 /* Applications */,
				F28836402B92E9C700D0B9A6 /* Assets.xcassets */,
				F28836422B92E9C700D0B9A6 /* LaunchScreen.storyboard */,
				F28836452B92E9C700D0B9A6 /* Info.plist */,
			);
			path = SimpleReactiveSwift;
			sourceTree = "<group>";
		};
		F288364B2B92EA5700D0B9A6 /* Applications */ = {
			isa = PBXGroup;
			children = (
				F288369F2B935EDC00D0B9A6 /* DependencyManager */,
				F28836372B92E9C500D0B9A6 /* AppDelegate.swift */,
				F28836392B92E9C500D0B9A6 /* SceneDelegate.swift */,
			);
			path = Applications;
			sourceTree = "<group>";
		};
		F288364C2B92EA9700D0B9A6 /* Modules */ = {
			isa = PBXGroup;
			children = (
				F28836A92B93847500D0B9A6 /* Simulation */,
				F288364D2B92EA9E00D0B9A6 /* Profile */,
			);
			path = Modules;
			sourceTree = "<group>";
		};
		F288364D2B92EA9E00D0B9A6 /* Profile */ = {
			isa = PBXGroup;
			children = (
				F28836592B92EDAC00D0B9A6 /* Data */,
				F28836582B92EDA500D0B9A6 /* Domain */,
				F288364E2B92EAAE00D0B9A6 /* Presentation */,
			);
			path = Profile;
			sourceTree = "<group>";
		};
		F288364E2B92EAAE00D0B9A6 /* Presentation */ = {
			isa = PBXGroup;
			children = (
				F28836562B92ED1500D0B9A6 /* ProfileVC.swift */,
				F28836512B92EC7E00D0B9A6 /* ProfileVM.swift */,
				F288367F2B93051A00D0B9A6 /* Views */,
			);
			path = Presentation;
			sourceTree = "<group>";
		};
		F28836532B92ECA400D0B9A6 /* Shared */ = {
			isa = PBXGroup;
			children = (
				F28836BC2B939DEC00D0B9A6 /* Components */,
				F28836A22B935F1900D0B9A6 /* Routing */,
				F288368E2B931F9C00D0B9A6 /* Constants */,
				F28836822B9305B300D0B9A6 /* Extensions */,
				F28836712B92F07900D0B9A6 /* Persistence */,
				F28836542B92ECB200D0B9A6 /* Combine+Cancelbag.swift */,
				F28836942B932FEB00D0B9A6 /* BannerCollectionFlowLayout.swift */,
				F28836AF2B93851000D0B9A6 /* UIStackViewController.swift */,
				F28836B12B93859F00D0B9A6 /* TextfieldWrapperView.swift */,
			);
			path = Shared;
			sourceTree = "<group>";
		};
		F28836582B92EDA500D0B9A6 /* Domain */ = {
			isa = PBXGroup;
			children = (
				F288365D2B92EDCB00D0B9A6 /* Entities */,
				F288365A2B92EDB000D0B9A6 /* UseCases */,
			);
			path = Domain;
			sourceTree = "<group>";
		};
		F28836592B92EDAC00D0B9A6 /* Data */ = {
			isa = PBXGroup;
			children = (
				F288366C2B92EF9E00D0B9A6 /* Responses */,
				F288365E2B92EDFF00D0B9A6 /* Repositories */,
			);
			path = Data;
			sourceTree = "<group>";
		};
		F288365A2B92EDB000D0B9A6 /* UseCases */ = {
			isa = PBXGroup;
			children = (
				F288365B2B92EDBE00D0B9A6 /* ProfileUseCase.swift */,
			);
			path = UseCases;
			sourceTree = "<group>";
		};
		F288365D2B92EDCB00D0B9A6 /* Entities */ = {
			isa = PBXGroup;
			children = (
				F288366A2B92EF8000D0B9A6 /* User.swift */,
				F28836752B92FBF700D0B9A6 /* Payments.swift */,
			);
			path = Entities;
			sourceTree = "<group>";
		};
		F288365E2B92EDFF00D0B9A6 /* Repositories */ = {
			isa = PBXGroup;
			children = (
				F288365F2B92EE3700D0B9A6 /* ProfileRepository.swift */,
			);
			path = Repositories;
			sourceTree = "<group>";
		};
		F288366C2B92EF9E00D0B9A6 /* Responses */ = {
			isa = PBXGroup;
			children = (
				F288366D2B92EFA900D0B9A6 /* UserResponse.swift */,
				F28836792B92FC0E00D0B9A6 /* PaymentsResponse.swift */,
				F288367B2B92FDD600D0B9A6 /* BannersResponse.swift */,
			);
			path = Responses;
			sourceTree = "<group>";
		};
		F28836712B92F07900D0B9A6 /* Persistence */ = {
			isa = PBXGroup;
			children = (
				F288366F2B92F00800D0B9A6 /* PersistenceError.swift */,
				F28836722B92F09900D0B9A6 /* PersistenceManager.swift */,
			);
			path = Persistence;
			sourceTree = "<group>";
		};
		F28836742B92F20D00D0B9A6 /* SupportedFiles */ = {
			isa = PBXGroup;
			children = (
				F28836642B92EF1200D0B9A6 /* USER.json */,
				F28836662B92EF2B00D0B9A6 /* PAYMENTS.json */,
				F28836682B92EF4900D0B9A6 /* BANNERS.json */,
				F28836BF2B93A3BB00D0B9A6 /* SIMULATION.json */,
			);
			path = SupportedFiles;
			sourceTree = "<group>";
		};
		F288367F2B93051A00D0B9A6 /* Views */ = {
			isa = PBXGroup;
			children = (
				F28836932B9320EF00D0B9A6 /* Shimmers */,
				F28836802B93052C00D0B9A6 /* ProfileUserCell.swift */,
				F288368C2B9313A400D0B9A6 /* ProfilePaymentsCell.swift */,
				F28836982B9338A700D0B9A6 /* ProfileMenuCell.swift */,
				F28836912B9320EA00D0B9A6 /* ProfileBannersCell.swift */,
			);
			path = Views;
			sourceTree = "<group>";
		};
		F28836822B9305B300D0B9A6 /* Extensions */ = {
			isa = PBXGroup;
			children = (
				F28836832B9305C100D0B9A6 /* NSObject+Identifier.swift */,
				F28836962B93315F00D0B9A6 /* UIColor+hex.swift */,
				F288369D2B9345D700D0B9A6 /* UIView+TapPublisher.swift */,
				F28836A72B93621900D0B9A6 /* UIApplication+TopMostVC.swift */,
				F28836BA2B939DCD00D0B9A6 /* Int+ToDecimal.swift */,
				F28836B82B939D3100D0B9A6 /* UIAttributedLabel.swift */,
				F28836D12B93A7A800D0B9A6 /* String+toDouble.swift */,
				F28836D32B93AD9A00D0B9A6 /* String+ToSimpleDateString.swift */,
				F28836D52B93AE6C00D0B9A6 /* String+CalculateNMonthsLater.swift */,
			);
			path = Extensions;
			sourceTree = "<group>";
		};
		F288368E2B931F9C00D0B9A6 /* Constants */ = {
			isa = PBXGroup;
			children = (
				F288368F2B931FA700D0B9A6 /* Constants.swift */,
			);
			path = Constants;
			sourceTree = "<group>";
		};
		F28836932B9320EF00D0B9A6 /* Shimmers */ = {
			isa = PBXGroup;
			children = (
				F28836852B93064400D0B9A6 /* ProfileUserShimmerCell.swift */,
			);
			path = Shimmers;
			sourceTree = "<group>";
		};
		F288369F2B935EDC00D0B9A6 /* DependencyManager */ = {
			isa = PBXGroup;
			children = (
				F28836A02B935EF500D0B9A6 /* RoutingDependencyManager.swift */,
				F28836B62B938BE600D0B9A6 /* DependencyManager.swift */,
			);
			path = DependencyManager;
			sourceTree = "<group>";
		};
		F28836A22B935F1900D0B9A6 /* Routing */ = {
			isa = PBXGroup;
			children = (
				F28836A52B93612900D0B9A6 /* Route.swift */,
				F28836A32B935F2000D0B9A6 /* Routing.swift */,
			);
			path = Routing;
			sourceTree = "<group>";
		};
		F28836A92B93847500D0B9A6 /* Simulation */ = {
			isa = PBXGroup;
			children = (
				F28836C22B93A3D100D0B9A6 /* Data */,
				F28836C12B93A3CC00D0B9A6 /* Domain */,
				F28836AA2B93848200D0B9A6 /* Presentation */,
			);
			path = Simulation;
			sourceTree = "<group>";
		};
		F28836AA2B93848200D0B9A6 /* Presentation */ = {
			isa = PBXGroup;
			children = (
				F28836AB2B93848E00D0B9A6 /* SimulationVC.swift */,
				F28836AD2B93849500D0B9A6 /* SimulationVM.swift */,
			);
			path = Presentation;
			sourceTree = "<group>";
		};
		F28836BC2B939DEC00D0B9A6 /* Components */ = {
			isa = PBXGroup;
			children = (
				F28836BD2B939DFA00D0B9A6 /* MultipleSelectButton.swift */,
			);
			path = Components;
			sourceTree = "<group>";
		};
		F28836C12B93A3CC00D0B9A6 /* Domain */ = {
			isa = PBXGroup;
			children = (
				F28836CC2B93A4F200D0B9A6 /* Entities */,
				F28836C32B93A3D500D0B9A6 /* UseCases */,
			);
			path = Domain;
			sourceTree = "<group>";
		};
		F28836C22B93A3D100D0B9A6 /* Data */ = {
			isa = PBXGroup;
			children = (
				F28836C72B93A42700D0B9A6 /* Repositories */,
				F28836C62B93A42200D0B9A6 /* Responses */,
			);
			path = Data;
			sourceTree = "<group>";
		};
		F28836C32B93A3D500D0B9A6 /* UseCases */ = {
			isa = PBXGroup;
			children = (
				F28836C42B93A3DF00D0B9A6 /* SimulationUseCase.swift */,
			);
			path = UseCases;
			sourceTree = "<group>";
		};
		F28836C62B93A42200D0B9A6 /* Responses */ = {
			isa = PBXGroup;
			children = (
				F28836CA2B93A46E00D0B9A6 /* SimulationResponse.swift */,
			);
			path = Responses;
			sourceTree = "<group>";
		};
		F28836C72B93A42700D0B9A6 /* Repositories */ = {
			isa = PBXGroup;
			children = (
				F28836C82B93A43500D0B9A6 /* SimulationRepository.swift */,
			);
			path = Repositories;
			sourceTree = "<group>";
		};
		F28836CC2B93A4F200D0B9A6 /* Entities */ = {
			isa = PBXGroup;
			children = (
				F28836CF2B93A51200D0B9A6 /* Simulation.swift */,
			);
			path = Entities;
			sourceTree = "<group>";
		};
/* End PBXGroup section */

/* Begin PBXNativeTarget section */
		F28836332B92E9C500D0B9A6 /* SimpleReactiveSwift */ = {
			isa = PBXNativeTarget;
			buildConfigurationList = F28836482B92E9C700D0B9A6 /* Build configuration list for PBXNativeTarget "SimpleReactiveSwift" */;
			buildPhases = (
				F28836302B92E9C500D0B9A6 /* Sources */,
				F28836312B92E9C500D0B9A6 /* Frameworks */,
				F28836322B92E9C500D0B9A6 /* Resources */,
			);
			buildRules = (
			);
			dependencies = (
			);
			name = SimpleReactiveSwift;
			packageProductDependencies = (
				F28836882B930C2000D0B9A6 /* SnapKit */,
				F288368A2B930C2000D0B9A6 /* SnapKit-Dynamic */,
				F288369B2B93453E00D0B9A6 /* CombineCocoa */,
				F28836B42B938BCD00D0B9A6 /* IQKeyboardManagerSwift */,
			);
			productName = SimpleReactiveSwift;
			productReference = F28836342B92E9C500D0B9A6 /* SimpleReactiveSwift.app */;
			productType = "com.apple.product-type.application";
		};
/* End PBXNativeTarget section */

/* Begin PBXProject section */
		F288362C2B92E9C500D0B9A6 /* Project object */ = {
			isa = PBXProject;
			attributes = {
				BuildIndependentTargetsInParallel = 1;
				LastSwiftUpdateCheck = 1520;
				LastUpgradeCheck = 1520;
				TargetAttributes = {
					F28836332B92E9C500D0B9A6 = {
						CreatedOnToolsVersion = 15.2;
					};
				};
			};
			buildConfigurationList = F288362F2B92E9C500D0B9A6 /* Build configuration list for PBXProject "SimpleReactiveSwift" */;
			compatibilityVersion = "Xcode 14.0";
			developmentRegion = en;
			hasScannedForEncodings = 0;
			knownRegions = (
				en,
				Base,
			);
			mainGroup = F288362B2B92E9C500D0B9A6;
			packageReferences = (
				F28836872B930C2000D0B9A6 /* XCRemoteSwiftPackageReference "SnapKit" */,
				F288369A2B93453E00D0B9A6 /* XCRemoteSwiftPackageReference "CombineCocoa" */,
				F28836B32B938BCD00D0B9A6 /* XCRemoteSwiftPackageReference "IQKeyboardManager" */,
			);
			productRefGroup = F28836352B92E9C500D0B9A6 /* Products */;
			projectDirPath = "";
			projectRoot = "";
			targets = (
				F28836332B92E9C500D0B9A6 /* SimpleReactiveSwift */,
			);
		};
/* End PBXProject section */

/* Begin PBXResourcesBuildPhase section */
		F28836322B92E9C500D0B9A6 /* Resources */ = {
			isa = PBXResourcesBuildPhase;
			buildActionMask = 2147483647;
			files = (
				F28836C02B93A3BB00D0B9A6 /* SIMULATION.json in Resources */,
				F28836652B92EF1200D0B9A6 /* USER.json in Resources */,
				F28836692B92EF4900D0B9A6 /* BANNERS.json in Resources */,
				F28836442B92E9C700D0B9A6 /* LaunchScreen.storyboard in Resources */,
				F28836412B92E9C700D0B9A6 /* Assets.xcassets in Resources */,
				F28836672B92EF2B00D0B9A6 /* PAYMENTS.json in Resources */,
			);
			runOnlyForDeploymentPostprocessing = 0;
		};
/* End PBXResourcesBuildPhase section */

/* Begin PBXSourcesBuildPhase section */
		F28836302B92E9C500D0B9A6 /* Sources */ = {
			isa = PBXSourcesBuildPhase;
			buildActionMask = 2147483647;
			files = (
				F28836D42B93AD9A00D0B9A6 /* String+ToSimpleDateString.swift in Sources */,
				F288368D2B9313A400D0B9A6 /* ProfilePaymentsCell.swift in Sources */,
				F28836902B931FA700D0B9A6 /* Constants.swift in Sources */,
				F28836A42B935F2000D0B9A6 /* Routing.swift in Sources */,
				F28836572B92ED1500D0B9A6 /* ProfileVC.swift in Sources */,
				F28836D62B93AE6C00D0B9A6 /* String+CalculateNMonthsLater.swift in Sources */,
				F288365C2B92EDBE00D0B9A6 /* ProfileUseCase.swift in Sources */,
				F28836B02B93851000D0B9A6 /* UIStackViewController.swift in Sources */,
				F28836952B932FEB00D0B9A6 /* BannerCollectionFlowLayout.swift in Sources */,
				F28836602B92EE3700D0B9A6 /* ProfileRepository.swift in Sources */,
				F28836552B92ECB200D0B9A6 /* Combine+Cancelbag.swift in Sources */,
				F28836972B93315F00D0B9A6 /* UIColor+hex.swift in Sources */,
				F28836B72B938BE600D0B9A6 /* DependencyManager.swift in Sources */,
				F288366B2B92EF8000D0B9A6 /* User.swift in Sources */,
				F28836862B93064400D0B9A6 /* ProfileUserShimmerCell.swift in Sources */,
				F28836CB2B93A46E00D0B9A6 /* SimulationResponse.swift in Sources */,
				F28836382B92E9C500D0B9A6 /* AppDelegate.swift in Sources */,
				F28836C52B93A3DF00D0B9A6 /* SimulationUseCase.swift in Sources */,
				F28836A12B935EF500D0B9A6 /* RoutingDependencyManager.swift in Sources */,
				F288369E2B9345D700D0B9A6 /* UIView+TapPublisher.swift in Sources */,
				F28836762B92FBF700D0B9A6 /* Payments.swift in Sources */,
				F28836C92B93A43500D0B9A6 /* SimulationRepository.swift in Sources */,
				F28836992B9338A700D0B9A6 /* ProfileMenuCell.swift in Sources */,
				F28836522B92EC7E00D0B9A6 /* ProfileVM.swift in Sources */,
				F288363A2B92E9C500D0B9A6 /* SceneDelegate.swift in Sources */,
				F28836A62B93612900D0B9A6 /* Route.swift in Sources */,
				F28836812B93052C00D0B9A6 /* ProfileUserCell.swift in Sources */,
				F28836922B9320EA00D0B9A6 /* ProfileBannersCell.swift in Sources */,
				F28836AE2B93849500D0B9A6 /* SimulationVM.swift in Sources */,
				F28836842B9305C100D0B9A6 /* NSObject+Identifier.swift in Sources */,
				F28836BE2B939DFA00D0B9A6 /* MultipleSelectButton.swift in Sources */,
				F288367A2B92FC0E00D0B9A6 /* PaymentsResponse.swift in Sources */,
				F28836AC2B93848E00D0B9A6 /* SimulationVC.swift in Sources */,
				F28836B22B93859F00D0B9A6 /* TextfieldWrapperView.swift in Sources */,
				F28836D02B93A51200D0B9A6 /* Simulation.swift in Sources */,
				F288367C2B92FDD600D0B9A6 /* BannersResponse.swift in Sources */,
				F28836A82B93621900D0B9A6 /* UIApplication+TopMostVC.swift in Sources */,
				F28836B92B939D3100D0B9A6 /* UIAttributedLabel.swift in Sources */,
				F28836702B92F00800D0B9A6 /* PersistenceError.swift in Sources */,
				F28836BB2B939DCD00D0B9A6 /* Int+ToDecimal.swift in Sources */,
				F28836732B92F09900D0B9A6 /* PersistenceManager.swift in Sources */,
				F28836D22B93A7A800D0B9A6 /* String+toDouble.swift in Sources */,
				F288366E2B92EFA900D0B9A6 /* UserResponse.swift in Sources */,
			);
			runOnlyForDeploymentPostprocessing = 0;
		};
/* End PBXSourcesBuildPhase section */

/* Begin PBXVariantGroup section */
		F28836422B92E9C700D0B9A6 /* LaunchScreen.storyboard */ = {
			isa = PBXVariantGroup;
			children = (
				F28836432B92E9C700D0B9A6 /* Base */,
			);
			name = LaunchScreen.storyboard;
			sourceTree = "<group>";
		};
/* End PBXVariantGroup section */

/* Begin XCBuildConfiguration section */
		F28836462B92E9C700D0B9A6 /* Debug */ = {
			isa = XCBuildConfiguration;
			buildSettings = {
				ALWAYS_SEARCH_USER_PATHS = NO;
				ASSETCATALOG_COMPILER_GENERATE_SWIFT_ASSET_SYMBOL_EXTENSIONS = YES;
				CLANG_ANALYZER_NONNULL = YES;
				CLANG_ANALYZER_NUMBER_OBJECT_CONVERSION = YES_AGGRESSIVE;
				CLANG_CXX_LANGUAGE_STANDARD = "gnu++20";
				CLANG_ENABLE_MODULES = YES;
				CLANG_ENABLE_OBJC_ARC = YES;
				CLANG_ENABLE_OBJC_WEAK = YES;
				CLANG_WARN_BLOCK_CAPTURE_AUTORELEASING = YES;
				CLANG_WARN_BOOL_CONVERSION = YES;
				CLANG_WARN_COMMA = YES;
				CLANG_WARN_CONSTANT_CONVERSION = YES;
				CLANG_WARN_DEPRECATED_OBJC_IMPLEMENTATIONS = YES;
				CLANG_WARN_DIRECT_OBJC_ISA_USAGE = YES_ERROR;
				CLANG_WARN_DOCUMENTATION_COMMENTS = YES;
				CLANG_WARN_EMPTY_BODY = YES;
				CLANG_WARN_ENUM_CONVERSION = YES;
				CLANG_WARN_INFINITE_RECURSION = YES;
				CLANG_WARN_INT_CONVERSION = YES;
				CLANG_WARN_NON_LITERAL_NULL_CONVERSION = YES;
				CLANG_WARN_OBJC_IMPLICIT_RETAIN_SELF = YES;
				CLANG_WARN_OBJC_LITERAL_CONVERSION = YES;
				CLANG_WARN_OBJC_ROOT_CLASS = YES_ERROR;
				CLANG_WARN_QUOTED_INCLUDE_IN_FRAMEWORK_HEADER = YES;
				CLANG_WARN_RANGE_LOOP_ANALYSIS = YES;
				CLANG_WARN_STRICT_PROTOTYPES = YES;
				CLANG_WARN_SUSPICIOUS_MOVE = YES;
				CLANG_WARN_UNGUARDED_AVAILABILITY = YES_AGGRESSIVE;
				CLANG_WARN_UNREACHABLE_CODE = YES;
				CLANG_WARN__DUPLICATE_METHOD_MATCH = YES;
				COPY_PHASE_STRIP = NO;
				DEBUG_INFORMATION_FORMAT = dwarf;
				ENABLE_STRICT_OBJC_MSGSEND = YES;
				ENABLE_TESTABILITY = YES;
				ENABLE_USER_SCRIPT_SANDBOXING = NO;
				GCC_C_LANGUAGE_STANDARD = gnu17;
				GCC_DYNAMIC_NO_PIC = NO;
				GCC_NO_COMMON_BLOCKS = YES;
				GCC_OPTIMIZATION_LEVEL = 0;
				GCC_PREPROCESSOR_DEFINITIONS = (
					"DEBUG=1",
					"$(inherited)",
				);
				GCC_WARN_64_TO_32_BIT_CONVERSION = YES;
				GCC_WARN_ABOUT_RETURN_TYPE = YES_ERROR;
				GCC_WARN_UNDECLARED_SELECTOR = YES;
				GCC_WARN_UNINITIALIZED_AUTOS = YES_AGGRESSIVE;
				GCC_WARN_UNUSED_FUNCTION = YES;
				GCC_WARN_UNUSED_VARIABLE = YES;
				IPHONEOS_DEPLOYMENT_TARGET = 17.2;
				LOCALIZATION_PREFERS_STRING_CATALOGS = YES;
				MTL_ENABLE_DEBUG_INFO = INCLUDE_SOURCE;
				MTL_FAST_MATH = YES;
				ONLY_ACTIVE_ARCH = YES;
				SDKROOT = iphoneos;
				SWIFT_ACTIVE_COMPILATION_CONDITIONS = "DEBUG $(inherited)";
				SWIFT_OPTIMIZATION_LEVEL = "-Onone";
			};
			name = Debug;
		};
		F28836472B92E9C700D0B9A6 /* Release */ = {
			isa = XCBuildConfiguration;
			buildSettings = {
				ALWAYS_SEARCH_USER_PATHS = NO;
				ASSETCATALOG_COMPILER_GENERATE_SWIFT_ASSET_SYMBOL_EXTENSIONS = YES;
				CLANG_ANALYZER_NONNULL = YES;
				CLANG_ANALYZER_NUMBER_OBJECT_CONVERSION = YES_AGGRESSIVE;
				CLANG_CXX_LANGUAGE_STANDARD = "gnu++20";
				CLANG_ENABLE_MODULES = YES;
				CLANG_ENABLE_OBJC_ARC = YES;
				CLANG_ENABLE_OBJC_WEAK = YES;
				CLANG_WARN_BLOCK_CAPTURE_AUTORELEASING = YES;
				CLANG_WARN_BOOL_CONVERSION = YES;
				CLANG_WARN_COMMA = YES;
				CLANG_WARN_CONSTANT_CONVERSION = YES;
				CLANG_WARN_DEPRECATED_OBJC_IMPLEMENTATIONS = YES;
				CLANG_WARN_DIRECT_OBJC_ISA_USAGE = YES_ERROR;
				CLANG_WARN_DOCUMENTATION_COMMENTS = YES;
				CLANG_WARN_EMPTY_BODY = YES;
				CLANG_WARN_ENUM_CONVERSION = YES;
				CLANG_WARN_INFINITE_RECURSION = YES;
				CLANG_WARN_INT_CONVERSION = YES;
				CLANG_WARN_NON_LITERAL_NULL_CONVERSION = YES;
				CLANG_WARN_OBJC_IMPLICIT_RETAIN_SELF = YES;
				CLANG_WARN_OBJC_LITERAL_CONVERSION = YES;
				CLANG_WARN_OBJC_ROOT_CLASS = YES_ERROR;
				CLANG_WARN_QUOTED_INCLUDE_IN_FRAMEWORK_HEADER = YES;
				CLANG_WARN_RANGE_LOOP_ANALYSIS = YES;
				CLANG_WARN_STRICT_PROTOTYPES = YES;
				CLANG_WARN_SUSPICIOUS_MOVE = YES;
				CLANG_WARN_UNGUARDED_AVAILABILITY = YES_AGGRESSIVE;
				CLANG_WARN_UNREACHABLE_CODE = YES;
				CLANG_WARN__DUPLICATE_METHOD_MATCH = YES;
				COPY_PHASE_STRIP = NO;
				DEBUG_INFORMATION_FORMAT = "dwarf-with-dsym";
				ENABLE_NS_ASSERTIONS = NO;
				ENABLE_STRICT_OBJC_MSGSEND = YES;
				ENABLE_USER_SCRIPT_SANDBOXING = NO;
				GCC_C_LANGUAGE_STANDARD = gnu17;
				GCC_NO_COMMON_BLOCKS = YES;
				GCC_WARN_64_TO_32_BIT_CONVERSION = YES;
				GCC_WARN_ABOUT_RETURN_TYPE = YES_ERROR;
				GCC_WARN_UNDECLARED_SELECTOR = YES;
				GCC_WARN_UNINITIALIZED_AUTOS = YES_AGGRESSIVE;
				GCC_WARN_UNUSED_FUNCTION = YES;
				GCC_WARN_UNUSED_VARIABLE = YES;
				IPHONEOS_DEPLOYMENT_TARGET = 17.2;
				LOCALIZATION_PREFERS_STRING_CATALOGS = YES;
				MTL_ENABLE_DEBUG_INFO = NO;
				MTL_FAST_MATH = YES;
				SDKROOT = iphoneos;
				SWIFT_COMPILATION_MODE = wholemodule;
				VALIDATE_PRODUCT = YES;
			};
			name = Release;
		};
		F28836492B92E9C700D0B9A6 /* Debug */ = {
			isa = XCBuildConfiguration;
			buildSettings = {
				ASSETCATALOG_COMPILER_APPICON_NAME = AppIcon;
				ASSETCATALOG_COMPILER_GLOBAL_ACCENT_COLOR_NAME = AccentColor;
				CODE_SIGN_STYLE = Automatic;
				CURRENT_PROJECT_VERSION = 1;
				DEVELOPMENT_TEAM = RMQNS23DVX;
				GENERATE_INFOPLIST_FILE = YES;
				INFOPLIST_FILE = SimpleReactiveSwift/Info.plist;
				INFOPLIST_KEY_UIApplicationSupportsIndirectInputEvents = YES;
				INFOPLIST_KEY_UILaunchStoryboardName = LaunchScreen;
				INFOPLIST_KEY_UISupportedInterfaceOrientations_iPad = "UIInterfaceOrientationPortrait UIInterfaceOrientationPortraitUpsideDown UIInterfaceOrientationLandscapeLeft UIInterfaceOrientationLandscapeRight";
				INFOPLIST_KEY_UISupportedInterfaceOrientations_iPhone = "UIInterfaceOrientationPortrait UIInterfaceOrientationLandscapeLeft UIInterfaceOrientationLandscapeRight";
				LD_RUNPATH_SEARCH_PATHS = (
					"$(inherited)",
					"@executable_path/Frameworks",
				);
				MARKETING_VERSION = 1.0;
				PRODUCT_BUNDLE_IDENTIFIER = mike.SimpleReactiveSwift;
				PRODUCT_NAME = "$(TARGET_NAME)";
				SWIFT_EMIT_LOC_STRINGS = YES;
				SWIFT_VERSION = 5.0;
				TARGETED_DEVICE_FAMILY = "1,2";
			};
			name = Debug;
		};
		F288364A2B92E9C700D0B9A6 /* Release */ = {
			isa = XCBuildConfiguration;
			buildSettings = {
				ASSETCATALOG_COMPILER_APPICON_NAME = AppIcon;
				ASSETCATALOG_COMPILER_GLOBAL_ACCENT_COLOR_NAME = AccentColor;
				CODE_SIGN_STYLE = Automatic;
				CURRENT_PROJECT_VERSION = 1;
				DEVELOPMENT_TEAM = RMQNS23DVX;
				GENERATE_INFOPLIST_FILE = YES;
				INFOPLIST_FILE = SimpleReactiveSwift/Info.plist;
				INFOPLIST_KEY_UIApplicationSupportsIndirectInputEvents = YES;
				INFOPLIST_KEY_UILaunchStoryboardName = LaunchScreen;
				INFOPLIST_KEY_UISupportedInterfaceOrientations_iPad = "UIInterfaceOrientationPortrait UIInterfaceOrientationPortraitUpsideDown UIInterfaceOrientationLandscapeLeft UIInterfaceOrientationLandscapeRight";
				INFOPLIST_KEY_UISupportedInterfaceOrientations_iPhone = "UIInterfaceOrientationPortrait UIInterfaceOrientationLandscapeLeft UIInterfaceOrientationLandscapeRight";
				LD_RUNPATH_SEARCH_PATHS = (
					"$(inherited)",
					"@executable_path/Frameworks",
				);
				MARKETING_VERSION = 1.0;
				PRODUCT_BUNDLE_IDENTIFIER = mike.SimpleReactiveSwift;
				PRODUCT_NAME = "$(TARGET_NAME)";
				SWIFT_EMIT_LOC_STRINGS = YES;
				SWIFT_VERSION = 5.0;
				TARGETED_DEVICE_FAMILY = "1,2";
			};
			name = Release;
		};
/* End XCBuildConfiguration section */

/* Begin XCConfigurationList section */
		F288362F2B92E9C500D0B9A6 /* Build configuration list for PBXProject "SimpleReactiveSwift" */ = {
			isa = XCConfigurationList;
			buildConfigurations = (
				F28836462B92E9C700D0B9A6 /* Debug */,
				F28836472B92E9C700D0B9A6 /* Release */,
			);
			defaultConfigurationIsVisible = 0;
			defaultConfigurationName = Release;
		};
		F28836482B92E9C700D0B9A6 /* Build configuration list for PBXNativeTarget "SimpleReactiveSwift" */ = {
			isa = XCConfigurationList;
			buildConfigurations = (
				F28836492B92E9C700D0B9A6 /* Debug */,
				F288364A2B92E9C700D0B9A6 /* Release */,
			);
			defaultConfigurationIsVisible = 0;
			defaultConfigurationName = Release;
		};
/* End XCConfigurationList section */

/* Begin XCRemoteSwiftPackageReference section */
		F28836872B930C2000D0B9A6 /* XCRemoteSwiftPackageReference "SnapKit" */ = {
			isa = XCRemoteSwiftPackageReference;
			repositoryURL = "https://github.com/SnapKit/SnapKit.git";
			requirement = {
				kind = upToNextMajorVersion;
				minimumVersion = 5.7.1;
			};
		};
		F288369A2B93453E00D0B9A6 /* XCRemoteSwiftPackageReference "CombineCocoa" */ = {
			isa = XCRemoteSwiftPackageReference;
			repositoryURL = "https://github.com/CombineCommunity/CombineCocoa.git";
			requirement = {
				kind = upToNextMajorVersion;
				minimumVersion = 0.4.1;
			};
		};
		F28836B32B938BCD00D0B9A6 /* XCRemoteSwiftPackageReference "IQKeyboardManager" */ = {
			isa = XCRemoteSwiftPackageReference;
			repositoryURL = "https://github.com/hackiftekhar/IQKeyboardManager.git";
			requirement = {
				kind = upToNextMajorVersion;
				minimumVersion = 7.0.1;
			};
		};
/* End XCRemoteSwiftPackageReference section */

/* Begin XCSwiftPackageProductDependency section */
		F28836882B930C2000D0B9A6 /* SnapKit */ = {
			isa = XCSwiftPackageProductDependency;
			package = F28836872B930C2000D0B9A6 /* XCRemoteSwiftPackageReference "SnapKit" */;
			productName = SnapKit;
		};
		F288368A2B930C2000D0B9A6 /* SnapKit-Dynamic */ = {
			isa = XCSwiftPackageProductDependency;
			package = F28836872B930C2000D0B9A6 /* XCRemoteSwiftPackageReference "SnapKit" */;
			productName = "SnapKit-Dynamic";
		};
		F288369B2B93453E00D0B9A6 /* CombineCocoa */ = {
			isa = XCSwiftPackageProductDependency;
			package = F288369A2B93453E00D0B9A6 /* XCRemoteSwiftPackageReference "CombineCocoa" */;
			productName = CombineCocoa;
		};
		F28836B42B938BCD00D0B9A6 /* IQKeyboardManagerSwift */ = {
			isa = XCSwiftPackageProductDependency;
			package = F28836B32B938BCD00D0B9A6 /* XCRemoteSwiftPackageReference "IQKeyboardManager" */;
			productName = IQKeyboardManagerSwift;
		};
/* End XCSwiftPackageProductDependency section */
	};
	rootObject = F288362C2B92E9C500D0B9A6 /* Project object */;
}
